
Microsoft Visual Studio Solution File, Format Version 12.00
# Visual Studio Version 16
VisualStudioVersion = 16.0.30128.74
MinimumVisualStudioVersion = 10.0.40219.1
Project("{FAE04EC0-301F-11D3-BF4B-00C04F79EFBC}") = "Calculator", "Calculator\Calculator.csproj", "{17DB833D-9F9B-4CF9-9463-614285B8B6E6}"
EndProject
Project("{FAE04EC0-301F-11D3-BF4B-00C04F79EFBC}") = "AnalaizerClass", "AnalaizerClass\AnalaizerClass.csproj", "{6969F134-8547-418D-91D3-55D2C73D7FA6}"
EndProject
Global
	GlobalSection(SolutionConfigurationPlatforms) = preSolution
		Debug|Any CPU = Debug|Any CPU
		Release|Any CPU = Release|Any CPU
	EndGlobalSection
	GlobalSection(ProjectConfigurationPlatforms) = postSolution
		{17DB833D-9F9B-4CF9-9463-614285B8B6E6}.Debug|Any CPU.ActiveCfg = Debug|Any CPU
		{17DB833D-9F9B-4CF9-9463-614285B8B6E6}.Debug|Any CPU.Build.0 = Debug|Any CPU
		{17DB833D-9F9B-4CF9-9463-614285B8B6E6}.Release|Any CPU.ActiveCfg = Release|Any CPU
		{17DB833D-9F9B-4CF9-9463-614285B8B6E6}.Release|Any CPU.Build.0 = Release|Any CPU
		{6969F134-8547-418D-91D3-55D2C73D7FA6}.Debug|Any CPU.ActiveCfg = Debug|Any CPU
		{6969F134-8547-418D-91D3-55D2C73D7FA6}.Debug|Any CPU.Build.0 = Debug|Any CPU
		{6969F134-8547-418D-91D3-55D2C73D7FA6}.Release|Any CPU.ActiveCfg = Release|Any CPU
		{6969F134-8547-418D-91D3-55D2C73D7FA6}.Release|Any CPU.Build.0 = Release|Any CPU
	EndGlobalSection
	GlobalSection(SolutionProperties) = preSolution
		HideSolutionNode = FALSE
	EndGlobalSection
	GlobalSection(ExtensibilityGlobals) = postSolution
		SolutionGuid = {A54394C1-081E-42B7-B139-0232E9DBA513}
	EndGlobalSection
EndGlobal
